dependencies:
- name: postgresql
  repository: https://charts.bitnami.com/bitnami
  version: 13.2.0
- name: redis
  repository: https://charts.bitnami.com/bitnami
  version: 18.2.0
digest: sha256:f30e4da287d06128a6b3a61cd686bf1c64063687fb7044e07acb08ee0d4a45e9
generated: "2023-11-02T21:42:13.080000179Z"
